
Microsoft Visual Studio Solution File, Format Version 12.00
# Visual Studio Version 16
VisualStudioVersion = 16.0.30711.63
MinimumVisualStudioVersion = 10.0.40219.1
Project("{FAE04EC0-301F-11D3-BF4B-00C04F79EFBC}") = "Lab7", "Lab7.csproj", "{7F1A6803-94B6-4D8F-BACE-04E9285BDCC8}"
EndProject
Global
	GlobalSection(SolutionConfigurationPlatforms) = preSolution
		Debug|Any CPU = Debug|Any CPU
		Debug|x64 = Debug|x64
		Debug|x86 = Debug|x86
		Release|Any CPU = Release|Any CPU
		Release|x64 = Release|x64
		Release|x86 = Release|x86
	EndGlobalSection
	GlobalSection(ProjectConfigurationPlatforms) = postSolution
		{7F1A6803-94B6-4D8F-BACE-04E9285BDCC8}.Debug|Any CPU.ActiveCfg = Debug|Any CPU
		{7F1A6803-94B6-4D8F-BACE-04E9285BDCC8}.Debug|Any CPU.Build.0 = Debug|Any CPU
		{7F1A6803-94B6-4D8F-BACE-04E9285BDCC8}.Debug|x64.ActiveCfg = Release|x64
		{7F1A6803-94B6-4D8F-BACE-04E9285BDCC8}.Debug|x64.Build.0 = Release|x64
		{7F1A6803-94B6-4D8F-BACE-04E9285BDCC8}.Debug|x86.ActiveCfg = Debug|x86
		{7F1A6803-94B6-4D8F-BACE-04E9285BDCC8}.Debug|x86.Build.0 = Debug|x86
		{7F1A6803-94B6-4D8F-BACE-04E9285BDCC8}.Release|Any CPU.ActiveCfg = Release|Any CPU
		{7F1A6803-94B6-4D8F-BACE-04E9285BDCC8}.Release|Any CPU.Build.0 = Release|Any CPU
		{7F1A6803-94B6-4D8F-BACE-04E9285BDCC8}.Release|x64.ActiveCfg = Release|x64
		{7F1A6803-94B6-4D8F-BACE-04E9285BDCC8}.Release|x64.Build.0 = Release|x64
		{7F1A6803-94B6-4D8F-BACE-04E9285BDCC8}.Release|x86.ActiveCfg = Release|x86
		{7F1A6803-94B6-4D8F-BACE-04E9285BDCC8}.Release|x86.Build.0 = Release|x86
	EndGlobalSection
	GlobalSection(SolutionProperties) = preSolution
		HideSolutionNode = FALSE
	EndGlobalSection
	GlobalSection(ExtensibilityGlobals) = postSolution
		SolutionGuid = {0F83E517-5898-4FAD-898B-A96E6A79F6D4}
	EndGlobalSection
EndGlobal
